{
  "requires": true,
  "lockfileVersion": 1,
  "dependencies": {
    "ngx-permissions": {
      "version": "6.0.4",
      "resolved": "https://registry.npmjs.org/ngx-permissions/-/ngx-permissions-6.0.4.tgz",
      "integrity": "sha512-hIWPjdyhvUWRbz+ddLybIC9jFxt+U2384/CDdi6H52NJstRgs+stdW7G8EH0/Ca1mA58QAcklCF4j0y5WpP1aA=="
    }
  }
}
